
Microsoft Visual Studio Solution File, Format Version 12.00
# Visual Studio Version 16
VisualStudioVersion = 16.0.30406.217
MinimumVisualStudioVersion = 10.0.40219.1
Project("{FAE04EC0-301F-11D3-BF4B-00C04F79EFBC}") = "LanguageTranslation", "LanguageTranslation\LanguageTranslation.csproj", "{D863B237-230E-42A5-A0AD-EDB49CD4E8B0}"
EndProject
Global
	GlobalSection(SolutionConfigurationPlatforms) = preSolution
		Debug|Any CPU = Debug|Any CPU
		Release|Any CPU = Release|Any CPU
	EndGlobalSection
	GlobalSection(ProjectConfigurationPlatforms) = postSolution
		{D863B237-230E-42A5-A0AD-EDB49CD4E8B0}.Debug|Any CPU.ActiveCfg = Debug|Any CPU
		{D863B237-230E-42A5-A0AD-EDB49CD4E8B0}.Debug|Any CPU.Build.0 = Debug|Any CPU
		{D863B237-230E-42A5-A0AD-EDB49CD4E8B0}.Release|Any CPU.ActiveCfg = Release|Any CPU
		{D863B237-230E-42A5-A0AD-EDB49CD4E8B0}.Release|Any CPU.Build.0 = Release|Any CPU
	EndGlobalSection
	GlobalSection(SolutionProperties) = preSolution
		HideSolutionNode = FALSE
	EndGlobalSection
	GlobalSection(ExtensibilityGlobals) = postSolution
		SolutionGuid = {3E9C5464-8146-4F5D-83D3-EB97B6394909}
	EndGlobalSection
EndGlobal
